# name<TAB>version<TAB>os<TAB>arch<TAB>url<TAB>sha256<TAB>license<TAB>note
sing-box	1.13.18	linux	amd64	https://github.com/SagerNet/sing-box/releases/download/v1.13.18/sing-box-1.13.18-linux-amd64.tar.gz	d34d987ed6ae39ca3760269264fb502b867e5477db45518c829b07776245c495	GPL-3.0-or-later	Official SagerNet release archive; original binary redistributed without modification
sing-box	1.13.18	linux	arm64	https://github.com/SagerNet/sing-box/releases/download/v1.13.18/sing-box-1.13.18-linux-arm64.tar.gz	a894f6152cade4a2c9d062762d54dea0c1aee673ab4759e0829e19cace932719	GPL-3.0-or-later	Official SagerNet release archive; original binary redistributed without modification
gum	2.0.0	linux	amd64	https://github.com/charmbracelet/gum/releases/download/v2.0.0/gum_2.0.0_Linux_x86_64.tar.gz	c99b0005bb5b514770eea404b24c7987e08eba35bb0b2d7bc6545bb676c36861	MIT	Official Charm release archive; original binary redistributed without modification
gum	2.0.0	linux	arm64	https://github.com/charmbracelet/gum/releases/download/v2.0.0/gum_2.0.0_Linux_arm64.tar.gz	ed51e91457a48f5681f67dd925bd40eb1794d41d1f48cf1d7e19e2517b7fac76	MIT	Official Charm release archive; original binary redistributed without modification
